
Microsoft Visual Studio Solution File, Format Version 12.00
# Visual Studio Version 17
VisualStudioVersion = 17.7.34202.233
MinimumVisualStudioVersion = 10.0.40219.1
Project("{FAE04EC0-301F-11D3-BF4B-00C04F79EFBC}") = "HeroesVersusMonstersConsoleApp", "HeroesVersusMonstersConsoleApp\HeroesVersusMonstersConsoleApp.csproj", "{C13EA32F-D115-4573-A6A9-8858B9BE5B96}"
EndProject
Project("{FAE04EC0-301F-11D3-BF4B-00C04F79EFBC}") = "HeroesVersusMonstersLibrary", "HeroesVersusMonstersLibrary\HeroesVersusMonstersLibrary.csproj", "{610DD045-267F-49E8-9F3E-47AC0A75A400}"
EndProject
Global
	GlobalSection(SolutionConfigurationPlatforms) = preSolution
		Debug|Any CPU = Debug|Any CPU
		Release|Any CPU = Release|Any CPU
	EndGlobalSection
	GlobalSection(ProjectConfigurationPlatforms) = postSolution
		{C13EA32F-D115-4573-A6A9-8858B9BE5B96}.Debug|Any CPU.ActiveCfg = Debug|Any CPU
		{C13EA32F-D115-4573-A6A9-8858B9BE5B96}.Debug|Any CPU.Build.0 = Debug|Any CPU
		{C13EA32F-D115-4573-A6A9-8858B9BE5B96}.Release|Any CPU.ActiveCfg = Release|Any CPU
		{C13EA32F-D115-4573-A6A9-8858B9BE5B96}.Release|Any CPU.Build.0 = Release|Any CPU
		{610DD045-267F-49E8-9F3E-47AC0A75A400}.Debug|Any CPU.ActiveCfg = Debug|Any CPU
		{610DD045-267F-49E8-9F3E-47AC0A75A400}.Debug|Any CPU.Build.0 = Debug|Any CPU
		{610DD045-267F-49E8-9F3E-47AC0A75A400}.Release|Any CPU.ActiveCfg = Release|Any CPU
		{610DD045-267F-49E8-9F3E-47AC0A75A400}.Release|Any CPU.Build.0 = Release|Any CPU
	EndGlobalSection
	GlobalSection(SolutionProperties) = preSolution
		HideSolutionNode = FALSE
	EndGlobalSection
	GlobalSection(ExtensibilityGlobals) = postSolution
		SolutionGuid = {0B7E91E5-2D10-4704-A81C-53ADB675DBA5}
	EndGlobalSection
EndGlobal
